// !$*UTF8*$!
{
	archiveVersion = 1;
	classes = {
	};
	objectVersion = 52;
	objects = {

/* Begin PBXBuildFile section */
		464C54B6268F42DE00CC19A2 /* Book_GrocerApp.swift in Sources */ = {isa = PBXBuildFile; fileRef = 464C54B5268F42DE00CC19A2 /* Book_GrocerApp.swift */; };
		464C54B8268F42DE00CC19A2 /* Onboarding.swift in Sources */ = {isa = PBXBuildFile; fileRef = 464C54B7268F42DE00CC19A2 /* Onboarding.swift */; };
		464C54BA268F42DF00CC19A2 /* Assets.xcassets in Resources */ = {isa = PBXBuildFile; fileRef = 464C54B9268F42DF00CC19A2 /* Assets.xcassets */; };
		464C54BD268F42DF00CC19A2 /* Preview Assets.xcassets in Resources */ = {isa = PBXBuildFile; fileRef = 464C54BC268F42DF00CC19A2 /* Preview Assets.xcassets */; };
		464C54C5268F488800CC19A2 /* Page.swift in Sources */ = {isa = PBXBuildFile; fileRef = 464C54C4268F488800CC19A2 /* Page.swift */; };
		464C54C9268F524E00CC19A2 /* SwiftUIX in Frameworks */ = {isa = PBXBuildFile; productRef = 464C54C8268F524E00CC19A2 /* SwiftUIX */; };
		464C54CD268F59F300CC19A2 /* Localizable.strings in Resources */ = {isa = PBXBuildFile; fileRef = 464C54CF268F59F300CC19A2 /* Localizable.strings */; };
		464C54D3268F6B8C00CC19A2 /* HeaderText.swift in Sources */ = {isa = PBXBuildFile; fileRef = 464C54D2268F6B8C00CC19A2 /* HeaderText.swift */; };
		464C54D5268F6C4700CC19A2 /* BodyText.swift in Sources */ = {isa = PBXBuildFile; fileRef = 464C54D4268F6C4700CC19A2 /* BodyText.swift */; };
/* End PBXBuildFile section */

/* Begin PBXFileReference section */
		464C54B2268F42DE00CC19A2 /* Book Grocer.app */ = {isa = PBXFileReference; explicitFileType = wrapper.application; includeInIndex = 0; path = "Book Grocer.app"; sourceTree = BUILT_PRODUCTS_DIR; };
		464C54B5268F42DE00CC19A2 /* Book_GrocerApp.swift */ = {isa = PBXFileReference; lastKnownFileType = sourcecode.swift; path = Book_GrocerApp.swift; sourceTree = "<group>"; };
		464C54B7268F42DE00CC19A2 /* Onboarding.swift */ = {isa = PBXFileReference; lastKnownFileType = sourcecode.swift; path = Onboarding.swift; sourceTree = "<group>"; };
		464C54B9268F42DF00CC19A2 /* Assets.xcassets */ = {isa = PBXFileReference; lastKnownFileType = folder.assetcatalog; path = Assets.xcassets; sourceTree = "<group>"; };
		464C54BC268F42DF00CC19A2 /* Preview Assets.xcassets */ = {isa = PBXFileReference; lastKnownFileType = folder.assetcatalog; path = "Preview Assets.xcassets"; sourceTree = "<group>"; };
		464C54BE268F42DF00CC19A2 /* Info.plist */ = {isa = PBXFileReference; lastKnownFileType = text.plist.xml; path = Info.plist; sourceTree = "<group>"; };
		464C54C4268F488800CC19A2 /* Page.swift */ = {isa = PBXFileReference; lastKnownFileType = sourcecode.swift; path = Page.swift; sourceTree = "<group>"; };
		464C54CE268F59F300CC19A2 /* en */ = {isa = PBXFileReference; lastKnownFileType = text.plist.strings; name = en; path = en.lproj/Localizable.strings; sourceTree = "<group>"; };
		464C54D2268F6B8C00CC19A2 /* HeaderText.swift */ = {isa = PBXFileReference; lastKnownFileType = sourcecode.swift; path = HeaderText.swift; sourceTree = "<group>"; };
		464C54D4268F6C4700CC19A2 /* BodyText.swift */ = {isa = PBXFileReference; lastKnownFileType = sourcecode.swift; path = BodyText.swift; sourceTree = "<group>"; };
/* End PBXFileReference section */

/* Begin PBXFrameworksBuildPhase section */
		464C54AF268F42DE00CC19A2 /* Frameworks */ = {
			isa = PBXFrameworksBuildPhase;
			buildActionMask = 2147483647;
			files = (
				464C54C9268F524E00CC19A2 /* SwiftUIX in Frameworks */,
			);
			runOnlyForDeploymentPostprocessing = 0;
		};
/* End PBXFrameworksBuildPhase section */

/* Begin PBXGroup section */
		464C54A9268F42DE00CC19A2 = {
			isa = PBXGroup;
			children = (
				464C54B4268F42DE00CC19A2 /* Book Grocer */,
				464C54B3268F42DE00CC19A2 /* Products */,
			);
			sourceTree = "<group>";
		};
		464C54B3268F42DE00CC19A2 /* Products */ = {
			isa = PBXGroup;
			children = (
				464C54B2268F42DE00CC19A2 /* Book Grocer.app */,
			);
			name = Products;
			sourceTree = "<group>";
		};
		464C54B4268F42DE00CC19A2 /* Book Grocer */ = {
			isa = PBXGroup;
			children = (
				464C54D1268F6B7B00CC19A2 /* Views */,
				464C54CA268F595F00CC19A2 /* Resources */,
				464C54C6268F488F00CC19A2 /* Model */,
				464C54B5268F42DE00CC19A2 /* Book_GrocerApp.swift */,
				464C54B7268F42DE00CC19A2 /* Onboarding.swift */,
				464C54BE268F42DF00CC19A2 /* Info.plist */,
				464C54BB268F42DF00CC19A2 /* Preview Content */,
			);
			path = "Book Grocer";
			sourceTree = "<group>";
		};
		464C54BB268F42DF00CC19A2 /* Preview Content */ = {
			isa = PBXGroup;
			children = (
				464C54BC268F42DF00CC19A2 /* Preview Assets.xcassets */,
			);
			path = "Preview Content";
			sourceTree = "<group>";
		};
		464C54C6268F488F00CC19A2 /* Model */ = {
			isa = PBXGroup;
			children = (
				464C54C4268F488800CC19A2 /* Page.swift */,
			);
			path = Model;
			sourceTree = "<group>";
		};
		464C54CA268F595F00CC19A2 /* Resources */ = {
			isa = PBXGroup;
			children = (
				464C54B9268F42DF00CC19A2 /* Assets.xcassets */,
				464C54CF268F59F300CC19A2 /* Localizable.strings */,
			);
			path = Resources;
			sourceTree = "<group>";
		};
		464C54D1268F6B7B00CC19A2 /* Views */ = {
			isa = PBXGroup;
			children = (
				464C54D2268F6B8C00CC19A2 /* HeaderText.swift */,
				464C54D4268F6C4700CC19A2 /* BodyText.swift */,
			);
			path = Views;
			sourceTree = "<group>";
		};
/* End PBXGroup section */

/* Begin PBXNativeTarget section */
		464C54B1268F42DE00CC19A2 /* Book Grocer */ = {
			isa = PBXNativeTarget;
			buildConfigurationList = 464C54C1268F42DF00CC19A2 /* Build configuration list for PBXNativeTarget "Book Grocer" */;
			buildPhases = (
				464C54AE268F42DE00CC19A2 /* Sources */,
				464C54AF268F42DE00CC19A2 /* Frameworks */,
				464C54B0268F42DE00CC19A2 /* Resources */,
			);
			buildRules = (
			);
			dependencies = (
			);
			name = "Book Grocer";
			packageProductDependencies = (
				464C54C8268F524E00CC19A2 /* SwiftUIX */,
			);
			productName = "Book Grocer";
			productReference = 464C54B2268F42DE00CC19A2 /* Book Grocer.app */;
			productType = "com.apple.product-type.application";
		};
/* End PBXNativeTarget section */

/* Begin PBXProject section */
		464C54AA268F42DE00CC19A2 /* Project object */ = {
			isa = PBXProject;
			attributes = {
				LastSwiftUpdateCheck = 1250;
				LastUpgradeCheck = 1250;
				TargetAttributes = {
					464C54B1268F42DE00CC19A2 = {
						CreatedOnToolsVersion = 12.5;
					};
				};
			};
			buildConfigurationList = 464C54AD268F42DE00CC19A2 /* Build configuration list for PBXProject "Book Grocer" */;
			compatibilityVersion = "Xcode 9.3";
			developmentRegion = en;
			hasScannedForEncodings = 0;
			knownRegions = (
				en,
				Base,
			);
			mainGroup = 464C54A9268F42DE00CC19A2;
			packageReferences = (
				464C54C7268F524E00CC19A2 /* XCRemoteSwiftPackageReference "SwiftUIX" */,
			);
			productRefGroup = 464C54B3268F42DE00CC19A2 /* Products */;
			projectDirPath = "";
			projectRoot = "";
			targets = (
				464C54B1268F42DE00CC19A2 /* Book Grocer */,
			);
		};
/* End PBXProject section */

/* Begin PBXResourcesBuildPhase section */
		464C54B0268F42DE00CC19A2 /* Resources */ = {
			isa = PBXResourcesBuildPhase;
			buildActionMask = 2147483647;
			files = (
				464C54CD268F59F300CC19A2 /* Localizable.strings in Resources */,
				464C54BD268F42DF00CC19A2 /* Preview Assets.xcassets in Resources */,
				464C54BA268F42DF00CC19A2 /* Assets.xcassets in Resources */,
			);
			runOnlyForDeploymentPostprocessing = 0;
		};
/* End PBXResourcesBuildPhase section */

/* Begin PBXSourcesBuildPhase section */
		464C54AE268F42DE00CC19A2 /* Sources */ = {
			isa = PBXSourcesBuildPhase;
			buildActionMask = 2147483647;
			files = (
				464C54B8268F42DE00CC19A2 /* Onboarding.swift in Sources */,
				464C54D3268F6B8C00CC19A2 /* HeaderText.swift in Sources */,
				464C54B6268F42DE00CC19A2 /* Book_GrocerApp.swift in Sources */,
				464C54C5268F488800CC19A2 /* Page.swift in Sources */,
				464C54D5268F6C4700CC19A2 /* BodyText.swift in Sources */,
			);
			runOnlyForDeploymentPostprocessing = 0;
		};
/* End PBXSourcesBuildPhase section */

/* Begin PBXVariantGroup section */
		464C54CF268F59F300CC19A2 /* Localizable.strings */ = {
			isa = PBXVariantGroup;
			children = (
				464C54CE268F59F300CC19A2 /* en */,
			);
			name = Localizable.strings;
			sourceTree = "<group>";
		};
/* End PBXVariantGroup section */

/* Begin XCBuildConfiguration section */
		464C54BF268F42DF00CC19A2 /* Debug */ = {
			isa = XCBuildConfiguration;
			buildSettings = {
				ALWAYS_SEARCH_USER_PATHS = NO;
				CLANG_ANALYZER_LOCALIZABILITY_NONLOCALIZED = YES;
				CLANG_ANALYZER_NONNULL = YES;
				CLANG_ANALYZER_NUMBER_OBJECT_CONVERSION = YES_AGGRESSIVE;
				CLANG_CXX_LANGUAGE_STANDARD = "gnu++14";
				CLANG_CXX_LIBRARY = "libc++";
				CLANG_ENABLE_MODULES = YES;
				CLANG_ENABLE_OBJC_ARC = YES;
				CLANG_ENABLE_OBJC_WEAK = YES;
				CLANG_WARN_BLOCK_CAPTURE_AUTORELEASING = YES;
				CLANG_WARN_BOOL_CONVERSION = YES;
				CLANG_WARN_COMMA = YES;
				CLANG_WARN_CONSTANT_CONVERSION = YES;
				CLANG_WARN_DEPRECATED_OBJC_IMPLEMENTATIONS = YES;
				CLANG_WARN_DIRECT_OBJC_ISA_USAGE = YES_ERROR;
				CLANG_WARN_DOCUMENTATION_COMMENTS = YES;
				CLANG_WARN_EMPTY_BODY = YES;
				CLANG_WARN_ENUM_CONVERSION = YES;
				CLANG_WARN_INFINITE_RECURSION = YES;
				CLANG_WARN_INT_CONVERSION = YES;
				CLANG_WARN_NON_LITERAL_NULL_CONVERSION = YES;
				CLANG_WARN_OBJC_IMPLICIT_RETAIN_SELF = YES;
				CLANG_WARN_OBJC_LITERAL_CONVERSION = YES;
				CLANG_WARN_OBJC_ROOT_CLASS = YES_ERROR;
				CLANG_WARN_QUOTED_INCLUDE_IN_FRAMEWORK_HEADER = YES;
				CLANG_WARN_RANGE_LOOP_ANALYSIS = YES;
				CLANG_WARN_STRICT_PROTOTYPES = YES;
				CLANG_WARN_SUSPICIOUS_MOVE = YES;
				CLANG_WARN_UNGUARDED_AVAILABILITY = YES_AGGRESSIVE;
				CLANG_WARN_UNREACHABLE_CODE = YES;
				CLANG_WARN__DUPLICATE_METHOD_MATCH = YES;
				COPY_PHASE_STRIP = NO;
				DEBUG_INFORMATION_FORMAT = dwarf;
				ENABLE_STRICT_OBJC_MSGSEND = YES;
				ENABLE_TESTABILITY = YES;
				GCC_C_LANGUAGE_STANDARD = gnu11;
				GCC_DYNAMIC_NO_PIC = NO;
				GCC_NO_COMMON_BLOCKS = YES;
				GCC_OPTIMIZATION_LEVEL = 0;
				GCC_PREPROCESSOR_DEFINITIONS = (
					"DEBUG=1",
					"$(inherited)",
				);
				GCC_WARN_64_TO_32_BIT_CONVERSION = YES;
				GCC_WARN_ABOUT_RETURN_TYPE = YES_ERROR;
				GCC_WARN_UNDECLARED_SELECTOR = YES;
				GCC_WARN_UNINITIALIZED_AUTOS = YES_AGGRESSIVE;
				GCC_WARN_UNUSED_FUNCTION = YES;
				GCC_WARN_UNUSED_VARIABLE = YES;
				IPHONEOS_DEPLOYMENT_TARGET = 14.5;
				MTL_ENABLE_DEBUG_INFO = INCLUDE_SOURCE;
				MTL_FAST_MATH = YES;
				ONLY_ACTIVE_ARCH = YES;
				SDKROOT = iphoneos;
				SWIFT_ACTIVE_COMPILATION_CONDITIONS = DEBUG;
				SWIFT_OPTIMIZATION_LEVEL = "-Onone";
			};
			name = Debug;
		};
		464C54C0268F42DF00CC19A2 /* Release */ = {
			isa = XCBuildConfiguration;
			buildSettings = {
				ALWAYS_SEARCH_USER_PATHS = NO;
				CLANG_ANALYZER_LOCALIZABILITY_NONLOCALIZED = YES;
				CLANG_ANALYZER_NONNULL = YES;
				CLANG_ANALYZER_NUMBER_OBJECT_CONVERSION = YES_AGGRESSIVE;
				CLANG_CXX_LANGUAGE_STANDARD = "gnu++14";
				CLANG_CXX_LIBRARY = "libc++";
				CLANG_ENABLE_MODULES = YES;
				CLANG_ENABLE_OBJC_ARC = YES;
				CLANG_ENABLE_OBJC_WEAK = YES;
				CLANG_WARN_BLOCK_CAPTURE_AUTORELEASING = YES;
				CLANG_WARN_BOOL_CONVERSION = YES;
				CLANG_WARN_COMMA = YES;
				CLANG_WARN_CONSTANT_CONVERSION = YES;
				CLANG_WARN_DEPRECATED_OBJC_IMPLEMENTATIONS = YES;
				CLANG_WARN_DIRECT_OBJC_ISA_USAGE = YES_ERROR;
				CLANG_WARN_DOCUMENTATION_COMMENTS = YES;
				CLANG_WARN_EMPTY_BODY = YES;
				CLANG_WARN_ENUM_CONVERSION = YES;
				CLANG_WARN_INFINITE_RECURSION = YES;
				CLANG_WARN_INT_CONVERSION = YES;
				CLANG_WARN_NON_LITERAL_NULL_CONVERSION = YES;
				CLANG_WARN_OBJC_IMPLICIT_RETAIN_SELF = YES;
				CLANG_WARN_OBJC_LITERAL_CONVERSION = YES;
				CLANG_WARN_OBJC_ROOT_CLASS = YES_ERROR;
				CLANG_WARN_QUOTED_INCLUDE_IN_FRAMEWORK_HEADER = YES;
				CLANG_WARN_RANGE_LOOP_ANALYSIS = YES;
				CLANG_WARN_STRICT_PROTOTYPES = YES;
				CLANG_WARN_SUSPICIOUS_MOVE = YES;
				CLANG_WARN_UNGUARDED_AVAILABILITY = YES_AGGRESSIVE;
				CLANG_WARN_UNREACHABLE_CODE = YES;
				CLANG_WARN__DUPLICATE_METHOD_MATCH = YES;
				COPY_PHASE_STRIP = NO;
				DEBUG_INFORMATION_FORMAT = "dwarf-with-dsym";
				ENABLE_NS_ASSERTIONS = NO;
				ENABLE_STRICT_OBJC_MSGSEND = YES;
				GCC_C_LANGUAGE_STANDARD = gnu11;
				GCC_NO_COMMON_BLOCKS = YES;
				GCC_WARN_64_TO_32_BIT_CONVERSION = YES;
				GCC_WARN_ABOUT_RETURN_TYPE = YES_ERROR;
				GCC_WARN_UNDECLARED_SELECTOR = YES;
				GCC_WARN_UNINITIALIZED_AUTOS = YES_AGGRESSIVE;
				GCC_WARN_UNUSED_FUNCTION = YES;
				GCC_WARN_UNUSED_VARIABLE = YES;
				IPHONEOS_DEPLOYMENT_TARGET = 14.5;
				MTL_ENABLE_DEBUG_INFO = NO;
				MTL_FAST_MATH = YES;
				SDKROOT = iphoneos;
				SWIFT_COMPILATION_MODE = wholemodule;
				SWIFT_OPTIMIZATION_LEVEL = "-O";
				VALIDATE_PRODUCT = YES;
			};
			name = Release;
		};
		464C54C2268F42DF00CC19A2 /* Debug */ = {
			isa = XCBuildConfiguration;
			buildSettings = {
				ASSETCATALOG_COMPILER_APPICON_NAME = AppIcon;
				ASSETCATALOG_COMPILER_GLOBAL_ACCENT_COLOR_NAME = AccentColor;
				CODE_SIGN_STYLE = Automatic;
				DEVELOPMENT_ASSET_PATHS = "\"Book Grocer/Preview Content\"";
				ENABLE_PREVIEWS = YES;
				INFOPLIST_FILE = "Book Grocer/Info.plist";
				IPHONEOS_DEPLOYMENT_TARGET = 14.0;
				LD_RUNPATH_SEARCH_PATHS = (
					"$(inherited)",
					"@executable_path/Frameworks",
				);
				PRODUCT_BUNDLE_IDENTIFIER = "com.paktalin.Book-Grocer";
				PRODUCT_NAME = "$(TARGET_NAME)";
				SWIFT_VERSION = 5.0;
				TARGETED_DEVICE_FAMILY = "1,2";
			};
			name = Debug;
		};
		464C54C3268F42DF00CC19A2 /* Release */ = {
			isa = XCBuildConfiguration;
			buildSettings = {
				ASSETCATALOG_COMPILER_APPICON_NAME = AppIcon;
				ASSETCATALOG_COMPILER_GLOBAL_ACCENT_COLOR_NAME = AccentColor;
				CODE_SIGN_STYLE = Automatic;
				DEVELOPMENT_ASSET_PATHS = "\"Book Grocer/Preview Content\"";
				ENABLE_PREVIEWS = YES;
				INFOPLIST_FILE = "Book Grocer/Info.plist";
				IPHONEOS_DEPLOYMENT_TARGET = 14.0;
				LD_RUNPATH_SEARCH_PATHS = (
					"$(inherited)",
					"@executable_path/Frameworks",
				);
				PRODUCT_BUNDLE_IDENTIFIER = "com.paktalin.Book-Grocer";
				PRODUCT_NAME = "$(TARGET_NAME)";
				SWIFT_VERSION = 5.0;
				TARGETED_DEVICE_FAMILY = "1,2";
			};
			name = Release;
		};
/* End XCBuildConfiguration section */

/* Begin XCConfigurationList section */
		464C54AD268F42DE00CC19A2 /* Build configuration list for PBXProject "Book Grocer" */ = {
			isa = XCConfigurationList;
			buildConfigurations = (
				464C54BF268F42DF00CC19A2 /* Debug */,
				464C54C0268F42DF00CC19A2 /* Release */,
			);
			defaultConfigurationIsVisible = 0;
			defaultConfigurationName = Release;
		};
		464C54C1268F42DF00CC19A2 /* Build configuration list for PBXNativeTarget "Book Grocer" */ = {
			isa = XCConfigurationList;
			buildConfigurations = (
				464C54C2268F42DF00CC19A2 /* Debug */,
				464C54C3268F42DF00CC19A2 /* Release */,
			);
			defaultConfigurationIsVisible = 0;
			defaultConfigurationName = Release;
		};
/* End XCConfigurationList section */

/* Begin XCRemoteSwiftPackageReference section */
		464C54C7268F524E00CC19A2 /* XCRemoteSwiftPackageReference "SwiftUIX" */ = {
			isa = XCRemoteSwiftPackageReference;
			repositoryURL = "https://github.com/SwiftUIX/SwiftUIX";
			requirement = {
				branch = master;
				kind = branch;
			};
		};
/* End XCRemoteSwiftPackageReference section */

/* Begin XCSwiftPackageProductDependency section */
		464C54C8268F524E00CC19A2 /* SwiftUIX */ = {
			isa = XCSwiftPackageProductDependency;
			package = 464C54C7268F524E00CC19A2 /* XCRemoteSwiftPackageReference "SwiftUIX" */;
			productName = SwiftUIX;
		};
/* End XCSwiftPackageProductDependency section */
	};
	rootObject = 464C54AA268F42DE00CC19A2 /* Project object */;
}
